
Microsoft Visual Studio Solution File, Format Version 12.00
# Visual Studio Version 17
VisualStudioVersion = 17.11.34929.205
MinimumVisualStudioVersion = 10.0.40219.1
Project("{FAE04EC0-301F-11D3-BF4B-00C04F79EFBC}") = "ReviewAppWithDapper", "ReviewAppWithDapper.csproj", "{92386156-9F62-4B7E-A0FD-FE7478CF3EBC}"
EndProject
Global
	GlobalSection(SolutionConfigurationPlatforms) = preSolution
		Debug|Any CPU = Debug|Any CPU
		Release|Any CPU = Release|Any CPU
	EndGlobalSection
	GlobalSection(ProjectConfigurationPlatforms) = postSolution
		{92386156-9F62-4B7E-A0FD-FE7478CF3EBC}.Debug|Any CPU.ActiveCfg = Debug|Any CPU
		{92386156-9F62-4B7E-A0FD-FE7478CF3EBC}.Debug|Any CPU.Build.0 = Debug|Any CPU
		{92386156-9F62-4B7E-A0FD-FE7478CF3EBC}.Release|Any CPU.ActiveCfg = Release|Any CPU
		{92386156-9F62-4B7E-A0FD-FE7478CF3EBC}.Release|Any CPU.Build.0 = Release|Any CPU
	EndGlobalSection
	GlobalSection(SolutionProperties) = preSolution
		HideSolutionNode = FALSE
	EndGlobalSection
	GlobalSection(ExtensibilityGlobals) = postSolution
		SolutionGuid = {DB9C2E5E-4904-41A0-A4E9-7041222D0C33}
	EndGlobalSection
EndGlobal
